
Microsoft Visual Studio Solution File, Format Version 12.00
# Visual Studio Version 17
VisualStudioVersion = 17.9.34902.65
MinimumVisualStudioVersion = 10.0.40219.1
Project("{FAE04EC0-301F-11D3-BF4B-00C04F79EFBC}") = "Hospital system", "Hospital system.csproj", "{42E78F0A-77F1-4D3A-A555-ECA3A79480EE}"
EndProject
Global
	GlobalSection(SolutionConfigurationPlatforms) = preSolution
		Debug|Any CPU = Debug|Any CPU
		Release|Any CPU = Release|Any CPU
	EndGlobalSection
	GlobalSection(ProjectConfigurationPlatforms) = postSolution
		{42E78F0A-77F1-4D3A-A555-ECA3A79480EE}.Debug|Any CPU.ActiveCfg = Debug|Any CPU
		{42E78F0A-77F1-4D3A-A555-ECA3A79480EE}.Debug|Any CPU.Build.0 = Debug|Any CPU
		{42E78F0A-77F1-4D3A-A555-ECA3A79480EE}.Release|Any CPU.ActiveCfg = Release|Any CPU
		{42E78F0A-77F1-4D3A-A555-ECA3A79480EE}.Release|Any CPU.Build.0 = Release|Any CPU
	EndGlobalSection
	GlobalSection(SolutionProperties) = preSolution
		HideSolutionNode = FALSE
	EndGlobalSection
	GlobalSection(ExtensibilityGlobals) = postSolution
		SolutionGuid = {4620C5E3-1269-42B7-88BD-4A3C5315BE1B}
	EndGlobalSection
EndGlobal
